
Microsoft Visual Studio Solution File, Format Version 12.00
# Visual Studio Version 17
VisualStudioVersion = 17.13.35919.96 d17.13
MinimumVisualStudioVersion = 10.0.40219.1
Project("{FAE04EC0-301F-11D3-BF4B-00C04F79EFBC}") = "ObligatorioProgramacion3_Francisco_Luis", "ObligatorioProgramacion3_Francisco_Luis\ObligatorioProgramacion3_Francisco_Luis.csproj", "{BAAF8D9A-0174-492C-8627-CB3360ABD672}"
EndProject
Global
	GlobalSection(SolutionConfigurationPlatforms) = preSolution
		Debug|Any CPU = Debug|Any CPU
		Release|Any CPU = Release|Any CPU
	EndGlobalSection
	GlobalSection(ProjectConfigurationPlatforms) = postSolution
		{BAAF8D9A-0174-492C-8627-CB3360ABD672}.Debug|Any CPU.ActiveCfg = Debug|Any CPU
		{BAAF8D9A-0174-492C-8627-CB3360ABD672}.Debug|Any CPU.Build.0 = Debug|Any CPU
		{BAAF8D9A-0174-492C-8627-CB3360ABD672}.Release|Any CPU.ActiveCfg = Release|Any CPU
		{BAAF8D9A-0174-492C-8627-CB3360ABD672}.Release|Any CPU.Build.0 = Release|Any CPU
	EndGlobalSection
	GlobalSection(SolutionProperties) = preSolution
		HideSolutionNode = FALSE
	EndGlobalSection
	GlobalSection(ExtensibilityGlobals) = postSolution
		SolutionGuid = {F49D81FC-1F2D-4C96-BD43-C17EA53EA481}
	EndGlobalSection
EndGlobal
